
Microsoft Visual Studio Solution File, Format Version 12.00
# Visual Studio Version 16
VisualStudioVersion = 16.0.30804.86
MinimumVisualStudioVersion = 10.0.40219.1
Project("{9A19103F-16F7-4668-BE54-9A1E7A4F7556}") = "ChatRoom", "ChatRoom.csproj", "{FF10CBFA-85CA-4FEA-8764-8C6DD7685DF6}"
EndProject
Global
	GlobalSection(SolutionConfigurationPlatforms) = preSolution
		Debug|Any CPU = Debug|Any CPU
		Release|Any CPU = Release|Any CPU
	EndGlobalSection
	GlobalSection(ProjectConfigurationPlatforms) = postSolution
		{FF10CBFA-85CA-4FEA-8764-8C6DD7685DF6}.Debug|Any CPU.ActiveCfg = Debug|Any CPU
		{FF10CBFA-85CA-4FEA-8764-8C6DD7685DF6}.Debug|Any CPU.Build.0 = Debug|Any CPU
		{FF10CBFA-85CA-4FEA-8764-8C6DD7685DF6}.Release|Any CPU.ActiveCfg = Release|Any CPU
		{FF10CBFA-85CA-4FEA-8764-8C6DD7685DF6}.Release|Any CPU.Build.0 = Release|Any CPU
	EndGlobalSection
	GlobalSection(SolutionProperties) = preSolution
		HideSolutionNode = FALSE
	EndGlobalSection
	GlobalSection(ExtensibilityGlobals) = postSolution
		SolutionGuid = {28B0B647-B94C-4E03-A1E7-936A24BFB25E}
	EndGlobalSection
EndGlobal
